dependencies:
- name: mariadb
  repository: https://charts.bitnami.com/bitnami
  version: 7.7.2
- name: common
  repository: https://charts.bitnami.com/bitnami
  version: 0.4.0
digest: sha256:9e12934156c03a03610b1c314e73a68f7b1bbf121d7301f71185efebd6ecd5a3
generated: "2020-08-06T09:13:49.527591251Z"
